
Microsoft Visual Studio Solution File, Format Version 12.00
# Visual Studio Version 16
VisualStudioVersion = 16.0.30011.22
MinimumVisualStudioVersion = 10.0.40219.1
Project("{FAE04EC0-301F-11D3-BF4B-00C04F79EFBC}") = "HelloWorldWeb", "HelloWorldWeb\HelloWorldWeb.csproj", "{AA6C52A8-D801-4995-8663-055C8329203B}"
EndProject
Global
	GlobalSection(SolutionConfigurationPlatforms) = preSolution
		Debug|Any CPU = Debug|Any CPU
		Release|Any CPU = Release|Any CPU
	EndGlobalSection
	GlobalSection(ProjectConfigurationPlatforms) = postSolution
		{AA6C52A8-D801-4995-8663-055C8329203B}.Debug|Any CPU.ActiveCfg = Debug|Any CPU
		{AA6C52A8-D801-4995-8663-055C8329203B}.Debug|Any CPU.Build.0 = Debug|Any CPU
		{AA6C52A8-D801-4995-8663-055C8329203B}.Release|Any CPU.ActiveCfg = Release|Any CPU
		{AA6C52A8-D801-4995-8663-055C8329203B}.Release|Any CPU.Build.0 = Release|Any CPU
	EndGlobalSection
	GlobalSection(SolutionProperties) = preSolution
		HideSolutionNode = FALSE
	EndGlobalSection
	GlobalSection(ExtensibilityGlobals) = postSolution
		SolutionGuid = {4CB63074-4A71-4063-8960-F8553A0C225A}
	EndGlobalSection
EndGlobal
